<?xml version="1.0" encoding="utf-8"?>
<Project ToolsVersion="4.0" xmlns="http://schemas.microsoft.com/developer/msbuild/2003">
  <ItemGroup>
    <ClCompile Include="StdInc.cpp" />
    <ClCompile Include="DllMain.cpp" />
    <ClCompile Include="Core\Inject.cpp">
      <Filter>Core</Filter>
    </ClCompile>
    <ClCompile Include="Game\CVehicle.cpp">
      <Filter>Game</Filter>
    </ClCompile>
  </ItemGroup>
  <ItemGroup>
    <ClInclude Include="StdInc.h" />
    <ClInclude Include="Core\Inject.h">
      <Filter>Core</Filter>
    </ClInclude>
    <ClInclude Include="Core\Hook.h">
      <Filter>Core</Filter>
    </ClInclude>
    <ClInclude Include="Game\CVehicle.h">
      <Filter>Game</Filter>
    </ClInclude>
    <ClInclude Include="Game\CVehicleModelInfo.h">
      <Filter>Game</Filter>
    </ClInclude>
    <ClInclude Include="Game\CWorld.h">
      <Filter>Game</Filter>
    </ClInclude>
    <ClInclude Include="Game\RenderWare.h">
      <Filter>Game</Filter>
    </ClInclude>
    <ClInclude Include="Game\CEntity.h">
      <Filter>Game</Filter>
    </ClInclude>
    <ClInclude Include="Game\CModelInfo.h">
      <Filter>Game</Filter>
    </ClInclude>
    <ClInclude Include="Game\Common.h">
      <Filter>Game</Filter>
    </ClInclude>
    <ClInclude Include="Game\CPed.h">
      <Filter>Game</Filter>
    </ClInclude>
    <ClInclude Include="Game\CPhysical.h">
      <Filter>Game</Filter>
    </ClInclude>
    <ClInclude Include="Game\CPlayerInfo.h">
      <Filter>Game</Filter>
    </ClInclude>
    <ClInclude Include="Game\CTrain.h">
      <Filter>Game</Filter>
    </ClInclude>
    <ClInclude Include="Imports\Underground.hpp">
      <Filter>Imports</Filter>
    </ClInclude>
  </ItemGroup>
  <ItemGroup>
    <Filter Include="Core">
      <UniqueIdentifier>{a4c13764-c2ca-47ee-9759-7c7dedcfed89}</UniqueIdentifier>
    </Filter>
    <Filter Include="Game">
      <UniqueIdentifier>{98e8cae3-fa23-42cb-bf88-a921823bc1a0}</UniqueIdentifier>
    </Filter>
    <Filter Include="Imports">
      <UniqueIdentifier>{77a3610c-1340-4356-9a1b-515a240d5617}</UniqueIdentifier>
    </Filter>
  </ItemGroup>
</Project>